// !$*UTF8*$!
{
	archiveVersion = 1;
	classes = {
	};
	objectVersion = 46;
	objects = {

/* Begin PBXBuildFile section */
		62CC0D401EC800B70034E850 /* AppDelegate.swift in Sources */ = {isa = PBXBuildFile; fileRef = 62CC0D3F1EC800B70034E850 /* AppDelegate.swift */; };
		62CC0D421EC800B70034E850 /* ViewController.swift in Sources */ = {isa = PBXBuildFile; fileRef = 62CC0D411EC800B70034E850 /* ViewController.swift */; };
		62CC0D451EC800B70034E850 /* Main.storyboard in Resources */ = {isa = PBXBuildFile; fileRef = 62CC0D431EC800B70034E850 /* Main.storyboard */; };
		62CC0D471EC800B70034E850 /* Assets.xcassets in Resources */ = {isa = PBXBuildFile; fileRef = 62CC0D461EC800B70034E850 /* Assets.xcassets */; };
		62CC0D4A1EC800B70034E850 /* LaunchScreen.storyboard in Resources */ = {isa = PBXBuildFile; fileRef = 62CC0D481EC800B70034E850 /* LaunchScreen.storyboard */; };
		62CC0D521EC9586C0034E850 /* GoogleService-Info.plist in Resources */ = {isa = PBXBuildFile; fileRef = 62CC0D511EC9586C0034E850 /* GoogleService-Info.plist */; };
		95FAE9DA1D61C0824F7B1433 /* Pods_MySnap.framework in Frameworks */ = {isa = PBXBuildFile; fileRef = F90210E2D5FB4D098552D95D /* Pods_MySnap.framework */; };
/* End PBXBuildFile section */

/* Begin PBXFileReference section */
		58D1DF4DF144B2880BCBB27E /* Pods-MySnap.debug.xcconfig */ = {isa = PBXFileReference; includeInIndex = 1; lastKnownFileType = text.xcconfig; name = "Pods-MySnap.debug.xcconfig"; path = "Pods/Target Support Files/Pods-MySnap/Pods-MySnap.debug.xcconfig"; sourceTree = "<group>"; };
		62CC0D3C1EC800B70034E850 /* MySnap.app */ = {isa = PBXFileReference; explicitFileType = wrapper.application; includeInIndex = 0; path = MySnap.app; sourceTree = BUILT_PRODUCTS_DIR; };
		62CC0D3F1EC800B70034E850 /* AppDelegate.swift */ = {isa = PBXFileReference; lastKnownFileType = sourcecode.swift; path = AppDelegate.swift; sourceTree = "<group>"; };
		62CC0D411EC800B70034E850 /* ViewController.swift */ = {isa = PBXFileReference; lastKnownFileType = sourcecode.swift; path = ViewController.swift; sourceTree = "<group>"; };
		62CC0D441EC800B70034E850 /* Base */ = {isa = PBXFileReference; lastKnownFileType = file.storyboard; name = Base; path = Base.lproj/Main.storyboard; sourceTree = "<group>"; };
		62CC0D461EC800B70034E850 /* Assets.xcassets */ = {isa = PBXFileReference; lastKnownFileType = folder.assetcatalog; path = Assets.xcassets; sourceTree = "<group>"; };
		62CC0D491EC800B70034E850 /* Base */ = {isa = PBXFileReference; lastKnownFileType = file.storyboard; name = Base; path = Base.lproj/LaunchScreen.storyboard; sourceTree = "<group>"; };
		62CC0D4B1EC800B70034E850 /* Info.plist */ = {isa = PBXFileReference; lastKnownFileType = text.plist.xml; path = Info.plist; sourceTree = "<group>"; };
		62CC0D511EC9586C0034E850 /* GoogleService-Info.plist */ = {isa = PBXFileReference; fileEncoding = 4; lastKnownFileType = text.plist.xml; path = "GoogleService-Info.plist"; sourceTree = "<group>"; };
		C3C36CD2B55C4272BBA4166C /* Pods-MySnap.release.xcconfig */ = {isa = PBXFileReference; includeInIndex = 1; lastKnownFileType = text.xcconfig; name = "Pods-MySnap.release.xcconfig"; path = "Pods/Target Support Files/Pods-MySnap/Pods-MySnap.release.xcconfig"; sourceTree = "<group>"; };
		F90210E2D5FB4D098552D95D /* Pods_MySnap.framework */ = {isa = PBXFileReference; explicitFileType = wrapper.framework; includeInIndex = 0; path = Pods_MySnap.framework; sourceTree = BUILT_PRODUCTS_DIR; };
/* End PBXFileReference section */

/* Begin PBXFrameworksBuildPhase section */
		62CC0D391EC800B70034E850 /* Frameworks */ = {
			isa = PBXFrameworksBuildPhase;
			buildActionMask = 2147483647;
			files = (
				95FAE9DA1D61C0824F7B1433 /* Pods_MySnap.framework in Frameworks */,
			);
			runOnlyForDeploymentPostprocessing = 0;
		};
/* End PBXFrameworksBuildPhase section */

/* Begin PBXGroup section */
		39B67F58FD96E49CE39822E6 /* Frameworks */ = {
			isa = PBXGroup;
			children = (
				F90210E2D5FB4D098552D95D /* Pods_MySnap.framework */,
			);
			name = Frameworks;
			sourceTree = "<group>";
		};
		62CC0D331EC800B70034E850 = {
			isa = PBXGroup;
			children = (
				62CC0D3E1EC800B70034E850 /* MySnap */,
				62CC0D3D1EC800B70034E850 /* Products */,
				CA0B4CF2967DD9CD84D2223C /* Pods */,
				39B67F58FD96E49CE39822E6 /* Frameworks */,
			);
			sourceTree = "<group>";
		};
		62CC0D3D1EC800B70034E850 /* Products */ = {
			isa = PBXGroup;
			children = (
				62CC0D3C1EC800B70034E850 /* MySnap.app */,
			);
			name = Products;
			sourceTree = "<group>";
		};
		62CC0D3E1EC800B70034E850 /* MySnap */ = {
			isa = PBXGroup;
			children = (
				62CC0D3F1EC800B70034E850 /* AppDelegate.swift */,
				62CC0D411EC800B70034E850 /* ViewController.swift */,
				62CC0D431EC800B70034E850 /* Main.storyboard */,
				62CC0D461EC800B70034E850 /* Assets.xcassets */,
				62CC0D481EC800B70034E850 /* LaunchScreen.storyboard */,
				62CC0D4B1EC800B70034E850 /* Info.plist */,
				62CC0D511EC9586C0034E850 /* GoogleService-Info.plist */,
			);
			path = MySnap;
			sourceTree = "<group>";
		};
		CA0B4CF2967DD9CD84D2223C /* Pods */ = {
			isa = PBXGroup;
			children = (
				58D1DF4DF144B2880BCBB27E /* Pods-MySnap.debug.xcconfig */,
				C3C36CD2B55C4272BBA4166C /* Pods-MySnap.release.xcconfig */,
			);
			name = Pods;
			sourceTree = "<group>";
		};
/* End PBXGroup section */

/* Begin PBXNativeTarget section */
		62CC0D3B1EC800B70034E850 /* MySnap */ = {
			isa = PBXNativeTarget;
			buildConfigurationList = 62CC0D4E1EC800B70034E850 /* Build configuration list for PBXNativeTarget "MySnap" */;
			buildPhases = (
				388F6B976511E77993ADD7B4 /* [CP] Check Pods Manifest.lock */,
				62CC0D381EC800B70034E850 /* Sources */,
				62CC0D391EC800B70034E850 /* Frameworks */,
				62CC0D3A1EC800B70034E850 /* Resources */,
				D80C520AF3C95EB660577B3F /* [CP] Embed Pods Frameworks */,
				BF62AA59E1D034C02D6F34DF /* [CP] Copy Pods Resources */,
			);
			buildRules = (
			);
			dependencies = (
			);
			name = MySnap;
			productName = MySnap;
			productReference = 62CC0D3C1EC800B70034E850 /* MySnap.app */;
			productType = "com.apple.product-type.application";
		};
/* End PBXNativeTarget section */

/* Begin PBXProject section */
		62CC0D341EC800B70034E850 /* Project object */ = {
			isa = PBXProject;
			attributes = {
				LastSwiftUpdateCheck = 0830;
				LastUpgradeCheck = 0830;
				ORGANIZATIONNAME = "Vandan Patel";
				TargetAttributes = {
					62CC0D3B1EC800B70034E850 = {
						CreatedOnToolsVersion = 8.3.2;
						DevelopmentTeam = 28AQQ73952;
						ProvisioningStyle = Automatic;
					};
				};
			};
			buildConfigurationList = 62CC0D371EC800B70034E850 /* Build configuration list for PBXProject "MySnap" */;
			compatibilityVersion = "Xcode 3.2";
			developmentRegion = English;
			hasScannedForEncodings = 0;
			knownRegions = (
				en,
				Base,
			);
			mainGroup = 62CC0D331EC800B70034E850;
			productRefGroup = 62CC0D3D1EC800B70034E850 /* Products */;
			projectDirPath = "";
			projectRoot = "";
			targets = (
				62CC0D3B1EC800B70034E850 /* MySnap */,
			);
		};
/* End PBXProject section */

/* Begin PBXResourcesBuildPhase section */
		62CC0D3A1EC800B70034E850 /* Resources */ = {
			isa = PBXResourcesBuildPhase;
			buildActionMask = 2147483647;
			files = (
				62CC0D4A1EC800B70034E850 /* LaunchScreen.storyboard in Resources */,
				62CC0D521EC9586C0034E850 /* GoogleService-Info.plist in Resources */,
				62CC0D471EC800B70034E850 /* Assets.xcassets in Resources */,
				62CC0D451EC800B70034E850 /* Main.storyboard in Resources */,
			);
			runOnlyForDeploymentPostprocessing = 0;
		};
/* End PBXResourcesBuildPhase section */

/* Begin PBXShellScriptBuildPhase section */
		388F6B976511E77993ADD7B4 /* [CP] Check Pods Manifest.lock */ = {
			isa = PBXShellScriptBuildPhase;
			buildActionMask = 2147483647;
			files = (
			);
			inputPaths = (
			);
			name = "[CP] Check Pods Manifest.lock";
			outputPaths = (
			);
			runOnlyForDeploymentPostprocessing = 0;
			shellPath = /bin/sh;
			shellScript = "diff \"${PODS_ROOT}/../Podfile.lock\" \"${PODS_ROOT}/Manifest.lock\" > /dev/null\nif [ $? != 0 ] ; then\n    # print error to STDERR\n    echo \"error: The sandbox is not in sync with the Podfile.lock. Run 'pod install' or update your CocoaPods installation.\" >&2\n    exit 1\nfi\n";
			showEnvVarsInLog = 0;
		};
		BF62AA59E1D034C02D6F34DF /* [CP] Copy Pods Resources */ = {
			isa = PBXShellScriptBuildPhase;
			buildActionMask = 2147483647;
			files = (
			);
			inputPaths = (
			);
			name = "[CP] Copy Pods Resources";
			outputPaths = (
			);
			runOnlyForDeploymentPostprocessing = 0;
			shellPath = /bin/sh;
			shellScript = "\"${SRCROOT}/Pods/Target Support Files/Pods-MySnap/Pods-MySnap-resources.sh\"\n";
			showEnvVarsInLog = 0;
		};
		D80C520AF3C95EB660577B3F /* [CP] Embed Pods Frameworks */ = {
			isa = PBXShellScriptBuildPhase;
			buildActionMask = 2147483647;
			files = (
			);
			inputPaths = (
			);
			name = "[CP] Embed Pods Frameworks";
			outputPaths = (
			);
			runOnlyForDeploymentPostprocessing = 0;
			shellPath = /bin/sh;
			shellScript = "\"${SRCROOT}/Pods/Target Support Files/Pods-MySnap/Pods-MySnap-frameworks.sh\"\n";
			showEnvVarsInLog = 0;
		};
/* End PBXShellScriptBuildPhase section */

/* Begin PBXSourcesBuildPhase section */
		62CC0D381EC800B70034E850 /* Sources */ = {
			isa = PBXSourcesBuildPhase;
			buildActionMask = 2147483647;
			files = (
				62CC0D421EC800B70034E850 /* ViewController.swift in Sources */,
				62CC0D401EC800B70034E850 /* AppDelegate.swift in Sources */,
			);
			runOnlyForDeploymentPostprocessing = 0;
		};
/* End PBXSourcesBuildPhase section */

/* Begin PBXVariantGroup section */
		62CC0D431EC800B70034E850 /* Main.storyboard */ = {
			isa = PBXVariantGroup;
			children = (
				62CC0D441EC800B70034E850 /* Base */,
			);
			name = Main.storyboard;
			sourceTree = "<group>";
		};
		62CC0D481EC800B70034E850 /* LaunchScreen.storyboard */ = {
			isa = PBXVariantGroup;
			children = (
				62CC0D491EC800B70034E850 /* Base */,
			);
			name = LaunchScreen.storyboard;
			sourceTree = "<group>";
		};
/* End PBXVariantGroup section */

/* Begin XCBuildConfiguration section */
		62CC0D4C1EC800B70034E850 /* Debug */ = {
			isa = XCBuildConfiguration;
			buildSettings = {
				ALWAYS_SEARCH_USER_PATHS = NO;
				CLANG_ANALYZER_NONNULL = YES;
				CLANG_ANALYZER_NUMBER_OBJECT_CONVERSION = YES_AGGRESSIVE;
				CLANG_CXX_LANGUAGE_STANDARD = "gnu++0x";
				CLANG_CXX_LIBRARY = "libc++";
				CLANG_ENABLE_MODULES = YES;
				CLANG_ENABLE_OBJC_ARC = YES;
				CLANG_WARN_BOOL_CONVERSION = YES;
				CLANG_WARN_CONSTANT_CONVERSION = YES;
				CLANG_WARN_DIRECT_OBJC_ISA_USAGE = YES_ERROR;
				CLANG_WARN_DOCUMENTATION_COMMENTS = YES;
				CLANG_WARN_EMPTY_BODY = YES;
				CLANG_WARN_ENUM_CONVERSION = YES;
				CLANG_WARN_INFINITE_RECURSION = YES;
				CLANG_WARN_INT_CONVERSION = YES;
				CLANG_WARN_OBJC_ROOT_CLASS = YES_ERROR;
				CLANG_WARN_SUSPICIOUS_MOVE = YES;
				CLANG_WARN_UNREACHABLE_CODE = YES;
				CLANG_WARN__DUPLICATE_METHOD_MATCH = YES;
				"CODE_SIGN_IDENTITY[sdk=iphoneos*]" = "iPhone Developer";
				COPY_PHASE_STRIP = NO;
				DEBUG_INFORMATION_FORMAT = dwarf;
				ENABLE_STRICT_OBJC_MSGSEND = YES;
				ENABLE_TESTABILITY = YES;
				GCC_C_LANGUAGE_STANDARD = gnu99;
				GCC_DYNAMIC_NO_PIC = NO;
				GCC_NO_COMMON_BLOCKS = YES;
				GCC_OPTIMIZATION_LEVEL = 0;
				GCC_PREPROCESSOR_DEFINITIONS = (
					"DEBUG=1",
					"$(inherited)",
				);
				GCC_WARN_64_TO_32_BIT_CONVERSION = YES;
				GCC_WARN_ABOUT_RETURN_TYPE = YES_ERROR;
				GCC_WARN_UNDECLARED_SELECTOR = YES;
				GCC_WARN_UNINITIALIZED_AUTOS = YES_AGGRESSIVE;
				GCC_WARN_UNUSED_FUNCTION = YES;
				GCC_WARN_UNUSED_VARIABLE = YES;
				IPHONEOS_DEPLOYMENT_TARGET = 10.3;
				MTL_ENABLE_DEBUG_INFO = YES;
				ONLY_ACTIVE_ARCH = YES;
				SDKROOT = iphoneos;
				SWIFT_ACTIVE_COMPILATION_CONDITIONS = DEBUG;
				SWIFT_OPTIMIZATION_LEVEL = "-Onone";
				TARGETED_DEVICE_FAMILY = "1,2";
			};
			name = Debug;
		};
		62CC0D4D1EC800B70034E850 /* Release */ = {
			isa = XCBuildConfiguration;
			buildSettings = {
				ALWAYS_SEARCH_USER_PATHS = NO;
				CLANG_ANALYZER_NONNULL = YES;
				CLANG_ANALYZER_NUMBER_OBJECT_CONVERSION = YES_AGGRESSIVE;
				CLANG_CXX_LANGUAGE_STANDARD = "gnu++0x";
				CLANG_CXX_LIBRARY = "libc++";
				CLANG_ENABLE_MODULES = YES;
				CLANG_ENABLE_OBJC_ARC = YES;
				CLANG_WARN_BOOL_CONVERSION = YES;
				CLANG_WARN_CONSTANT_CONVERSION = YES;
				CLANG_WARN_DIRECT_OBJC_ISA_USAGE = YES_ERROR;
				CLANG_WARN_DOCUMENTATION_COMMENTS = YES;
				CLANG_WARN_EMPTY_BODY = YES;
				CLANG_WARN_ENUM_CONVERSION = YES;
				CLANG_WARN_INFINITE_RECURSION = YES;
				CLANG_WARN_INT_CONVERSION = YES;
				CLANG_WARN_OBJC_ROOT_CLASS = YES_ERROR;
				CLANG_WARN_SUSPICIOUS_MOVE = YES;
				CLANG_WARN_UNREACHABLE_CODE = YES;
				CLANG_WARN__DUPLICATE_METHOD_MATCH = YES;
				"CODE_SIGN_IDENTITY[sdk=iphoneos*]" = "iPhone Developer";
				COPY_PHASE_STRIP = NO;
				DEBUG_INFORMATION_FORMAT = "dwarf-with-dsym";
				ENABLE_NS_ASSERTIONS = NO;
				ENABLE_STRICT_OBJC_MSGSEND = YES;
				GCC_C_LANGUAGE_STANDARD = gnu99;
				GCC_NO_COMMON_BLOCKS = YES;
				GCC_WARN_64_TO_32_BIT_CONVERSION = YES;
				GCC_WARN_ABOUT_RETURN_TYPE = YES_ERROR;
				GCC_WARN_UNDECLARED_SELECTOR = YES;
				GCC_WARN_UNINITIALIZED_AUTOS = YES_AGGRESSIVE;
				GCC_WARN_UNUSED_FUNCTION = YES;
				GCC_WARN_UNUSED_VARIABLE = YES;
				IPHONEOS_DEPLOYMENT_TARGET = 10.3;
				MTL_ENABLE_DEBUG_INFO = NO;
				SDKROOT = iphoneos;
				SWIFT_OPTIMIZATION_LEVEL = "-Owholemodule";
				TARGETED_DEVICE_FAMILY = "1,2";
				VALIDATE_PRODUCT = YES;
			};
			name = Release;
		};
		62CC0D4F1EC800B70034E850 /* Debug */ = {
			isa = XCBuildConfiguration;
			baseConfigurationReference = 58D1DF4DF144B2880BCBB27E /* Pods-MySnap.debug.xcconfig */;
			buildSettings = {
				ASSETCATALOG_COMPILER_APPICON_NAME = AppIcon;
				DEVELOPMENT_TEAM = 28AQQ73952;
				INFOPLIST_FILE = MySnap/Info.plist;
				LD_RUNPATH_SEARCH_PATHS = "$(inherited) @executable_path/Frameworks";
				PRODUCT_BUNDLE_IDENTIFIER = com.vandanpatel.MySnap;
				PRODUCT_NAME = "$(TARGET_NAME)";
				SWIFT_VERSION = 3.0;
			};
			name = Debug;
		};
		62CC0D501EC800B70034E850 /* Release */ = {
			isa = XCBuildConfiguration;
			baseConfigurationReference = C3C36CD2B55C4272BBA4166C /* Pods-MySnap.release.xcconfig */;
			buildSettings = {
				ASSETCATALOG_COMPILER_APPICON_NAME = AppIcon;
				DEVELOPMENT_TEAM = 28AQQ73952;
				INFOPLIST_FILE = MySnap/Info.plist;
				LD_RUNPATH_SEARCH_PATHS = "$(inherited) @executable_path/Frameworks";
				PRODUCT_BUNDLE_IDENTIFIER = com.vandanpatel.MySnap;
				PRODUCT_NAME = "$(TARGET_NAME)";
				SWIFT_VERSION = 3.0;
			};
			name = Release;
		};
/* End XCBuildConfiguration section */

/* Begin XCConfigurationList section */
		62CC0D371EC800B70034E850 /* Build configuration list for PBXProject "MySnap" */ = {
			isa = XCConfigurationList;
			buildConfigurations = (
				62CC0D4C1EC800B70034E850 /* Debug */,
				62CC0D4D1EC800B70034E850 /* Release */,
			);
			defaultConfigurationIsVisible = 0;
			defaultConfigurationName = Release;
		};
		62CC0D4E1EC800B70034E850 /* Build configuration list for PBXNativeTarget "MySnap" */ = {
			isa = XCConfigurationList;
			buildConfigurations = (
				62CC0D4F1EC800B70034E850 /* Debug */,
				62CC0D501EC800B70034E850 /* Release */,
			);
			defaultConfigurationIsVisible = 0;
		};
/* End XCConfigurationList section */
	};
	rootObject = 62CC0D341EC800B70034E850 /* Project object */;
}
